
Microsoft Visual Studio Solution File, Format Version 12.00
# Visual Studio Version 16
VisualStudioVersion = 16.0.30225.117
MinimumVisualStudioVersion = 10.0.40219.1
Project("{FAE04EC0-301F-11D3-BF4B-00C04F79EFBC}") = "MathPuzzles", "HiddenPairGame\MathPuzzles.csproj", "{75AACA38-2010-4048-86D7-833FCA391B38}"
EndProject
Global
	GlobalSection(SolutionConfigurationPlatforms) = preSolution
		Debug|Any CPU = Debug|Any CPU
		Release|Any CPU = Release|Any CPU
	EndGlobalSection
	GlobalSection(ProjectConfigurationPlatforms) = postSolution
		{75AACA38-2010-4048-86D7-833FCA391B38}.Debug|Any CPU.ActiveCfg = Debug|Any CPU
		{75AACA38-2010-4048-86D7-833FCA391B38}.Debug|Any CPU.Build.0 = Debug|Any CPU
		{75AACA38-2010-4048-86D7-833FCA391B38}.Release|Any CPU.ActiveCfg = Release|Any CPU
		{75AACA38-2010-4048-86D7-833FCA391B38}.Release|Any CPU.Build.0 = Release|Any CPU
	EndGlobalSection
	GlobalSection(SolutionProperties) = preSolution
		HideSolutionNode = FALSE
	EndGlobalSection
	GlobalSection(ExtensibilityGlobals) = postSolution
		SolutionGuid = {9F7A9DD8-F10E-490A-A3A2-28D505DE5280}
	EndGlobalSection
EndGlobal
